# raksha-rootwrap command filters for backupjobs nodes
# This file should be owned by (and only-writeable by) the root user

[Filters]
virsh: CommandFilter, /usr/bin/virsh, root
tee: CommandFilter, /usr/bin/tee, root
chown: CommandFilter, /bin/chown, root
qemu-img: CommandFilter, /usr//bin/qemu-img, root
